{
  "name": "annotate_server",
  "version": "0.0.1",
  "lockfileVersion": 1,
  "requires": true,
  "dependencies": {
    "@types/node": {
      "version": "12.12.22",
      "resolved": "https://registry.npmjs.org/@types/node/-/node-12.12.22.tgz",
      "integrity": "sha512-r5i93jqbPWGXYXxianGATOxTelkp6ih/U0WVnvaqAvTqM+0U6J3kw6Xk6uq/dWNRkEVw/0SLcO5ORXbVNz4FMQ==",
      "dev": true
    },
    "@types/yaml": {
      "version": "1.2.0",
      "resolved": "https://registry.npmjs.org/@types/yaml/-/yaml-1.2.0.tgz",
      "integrity": "sha512-GW8b9qM+ebgW3/zjzPm0I1NxMvLaz/YKT9Ph6tTb+Fkeyzd9yLTvQ6ciQ2MorTRmb/qXmfjMerRpG4LviixaqQ==",
      "dev": true
    }
  }
}
